
Microsoft Visual Studio Solution File, Format Version 12.00
# Visual Studio 2012
Project("{F184B08F-C81C-45F6-A57F-5ABD9991F28F}") = "Wavelet.BarcodeLabelSys.Net3", "Wavelet.BarcodeLabelSys.Net3\Wavelet.BarcodeLabelSys.Net3.vbproj", "{DCC2D17E-D58C-4069-A2B1-620BDA42E208}"
EndProject
Project("{F184B08F-C81C-45F6-A57F-5ABD9991F28F}") = "GenCode128", "GenCode128\GenCode128.vbproj", "{AB8C2040-9759-4B10-9074-220CE94B6823}"
EndProject
Global
	GlobalSection(SolutionConfigurationPlatforms) = preSolution
		Debug|Any CPU = Debug|Any CPU
		Release|Any CPU = Release|Any CPU
	EndGlobalSection
	GlobalSection(ProjectConfigurationPlatforms) = postSolution
		{DCC2D17E-D58C-4069-A2B1-620BDA42E208}.Debug|Any CPU.ActiveCfg = Debug|Any CPU
		{DCC2D17E-D58C-4069-A2B1-620BDA42E208}.Debug|Any CPU.Build.0 = Debug|Any CPU
		{DCC2D17E-D58C-4069-A2B1-620BDA42E208}.Release|Any CPU.ActiveCfg = Release|Any CPU
		{DCC2D17E-D58C-4069-A2B1-620BDA42E208}.Release|Any CPU.Build.0 = Release|Any CPU
		{AB8C2040-9759-4B10-9074-220CE94B6823}.Debug|Any CPU.ActiveCfg = Debug|Any CPU
		{AB8C2040-9759-4B10-9074-220CE94B6823}.Debug|Any CPU.Build.0 = Debug|Any CPU
		{AB8C2040-9759-4B10-9074-220CE94B6823}.Release|Any CPU.ActiveCfg = Release|Any CPU
		{AB8C2040-9759-4B10-9074-220CE94B6823}.Release|Any CPU.Build.0 = Release|Any CPU
	EndGlobalSection
	GlobalSection(SolutionProperties) = preSolution
		HideSolutionNode = FALSE
	EndGlobalSection
	GlobalSection(SubversionScc) = preSolution
		Svn-Managed = True
		Manager = AnkhSVN - Subversion Support for Visual Studio
	EndGlobalSection
EndGlobal
